// !$*UTF8*$!
{
	archiveVersion = 1;
	classes = {
	};
	objectVersion = 56;
	objects = {

/* Begin PBXBuildFile section */
		844C8E332D4B92B9009B2AF0 /* BudgetTrackerApp.swift in Sources */ = {isa = PBXBuildFile; fileRef = 844C8E322D4B92B9009B2AF0 /* BudgetTrackerApp.swift */; };
		844C8E352D4B92B9009B2AF0 /* ContentView.swift in Sources */ = {isa = PBXBuildFile; fileRef = 844C8E342D4B92B9009B2AF0 /* ContentView.swift */; };
		844C8E372D4B92BA009B2AF0 /* Assets.xcassets in Resources */ = {isa = PBXBuildFile; fileRef = 844C8E362D4B92BA009B2AF0 /* Assets.xcassets */; };
		844C8E3A2D4B92BA009B2AF0 /* Preview Assets.xcassets in Resources */ = {isa = PBXBuildFile; fileRef = 844C8E392D4B92BA009B2AF0 /* Preview Assets.xcassets */; };
		844C8E442D4B92BB009B2AF0 /* BudgetTrackerTests.swift in Sources */ = {isa = PBXBuildFile; fileRef = 844C8E432D4B92BB009B2AF0 /* BudgetTrackerTests.swift */; };
		844C8E4E2D4B92BB009B2AF0 /* BudgetTrackerUITests.swift in Sources */ = {isa = PBXBuildFile; fileRef = 844C8E4D2D4B92BB009B2AF0 /* BudgetTrackerUITests.swift */; };
		844C8E502D4B92BB009B2AF0 /* BudgetTrackerUITestsLaunchTests.swift in Sources */ = {isa = PBXBuildFile; fileRef = 844C8E4F2D4B92BB009B2AF0 /* BudgetTrackerUITestsLaunchTests.swift */; };
		844C8E5E2D4B9385009B2AF0 /* BudgetTracker.xcdatamodeld in Sources */ = {isa = PBXBuildFile; fileRef = 844C8E5C2D4B9385009B2AF0 /* BudgetTracker.xcdatamodeld */; };
		844C8E602D4B9401009B2AF0 /* PersistenceController.swift in Sources */ = {isa = PBXBuildFile; fileRef = 844C8E5F2D4B9401009B2AF0 /* PersistenceController.swift */; };
		844C8E622D4B9AF3009B2AF0 /* TransactionAdd.swift in Sources */ = {isa = PBXBuildFile; fileRef = 844C8E612D4B9AF3009B2AF0 /* TransactionAdd.swift */; };
		844C8E642D4BAFDC009B2AF0 /* TransactionListView.swift in Sources */ = {isa = PBXBuildFile; fileRef = 844C8E632D4BAFDC009B2AF0 /* TransactionListView.swift */; };
		844C8E662D4BBB1D009B2AF0 /* EditTransaction.swift in Sources */ = {isa = PBXBuildFile; fileRef = 844C8E652D4BBB1D009B2AF0 /* EditTransaction.swift */; };
/* End PBXBuildFile section */

/* Begin PBXContainerItemProxy section */
		844C8E402D4B92BB009B2AF0 /* PBXContainerItemProxy */ = {
			isa = PBXContainerItemProxy;
			containerPortal = 844C8E272D4B92B9009B2AF0 /* Project object */;
			proxyType = 1;
			remoteGlobalIDString = 844C8E2E2D4B92B9009B2AF0;
			remoteInfo = BudgetTracker;
		};
		844C8E4A2D4B92BB009B2AF0 /* PBXContainerItemProxy */ = {
			isa = PBXContainerItemProxy;
			containerPortal = 844C8E272D4B92B9009B2AF0 /* Project object */;
			proxyType = 1;
			remoteGlobalIDString = 844C8E2E2D4B92B9009B2AF0;
			remoteInfo = BudgetTracker;
		};
/* End PBXContainerItemProxy section */

/* Begin PBXFileReference section */
		844C8E2F2D4B92B9009B2AF0 /* BudgetTracker.app */ = {isa = PBXFileReference; explicitFileType = wrapper.application; includeInIndex = 0; path = BudgetTracker.app; sourceTree = BUILT_PRODUCTS_DIR; };
		844C8E322D4B92B9009B2AF0 /* BudgetTrackerApp.swift */ = {isa = PBXFileReference; lastKnownFileType = sourcecode.swift; path = BudgetTrackerApp.swift; sourceTree = "<group>"; };
		844C8E342D4B92B9009B2AF0 /* ContentView.swift */ = {isa = PBXFileReference; lastKnownFileType = sourcecode.swift; path = ContentView.swift; sourceTree = "<group>"; };
		844C8E362D4B92BA009B2AF0 /* Assets.xcassets */ = {isa = PBXFileReference; lastKnownFileType = folder.assetcatalog; path = Assets.xcassets; sourceTree = "<group>"; };
		844C8E392D4B92BA009B2AF0 /* Preview Assets.xcassets */ = {isa = PBXFileReference; lastKnownFileType = folder.assetcatalog; path = "Preview Assets.xcassets"; sourceTree = "<group>"; };
		844C8E3F2D4B92BB009B2AF0 /* BudgetTrackerTests.xctest */ = {isa = PBXFileReference; explicitFileType = wrapper.cfbundle; includeInIndex = 0; path = BudgetTrackerTests.xctest; sourceTree = BUILT_PRODUCTS_DIR; };
		844C8E432D4B92BB009B2AF0 /* BudgetTrackerTests.swift */ = {isa = PBXFileReference; lastKnownFileType = sourcecode.swift; path = BudgetTrackerTests.swift; sourceTree = "<group>"; };
		844C8E492D4B92BB009B2AF0 /* BudgetTrackerUITests.xctest */ = {isa = PBXFileReference; explicitFileType = wrapper.cfbundle; includeInIndex = 0; path = BudgetTrackerUITests.xctest; sourceTree = BUILT_PRODUCTS_DIR; };
		844C8E4D2D4B92BB009B2AF0 /* BudgetTrackerUITests.swift */ = {isa = PBXFileReference; lastKnownFileType = sourcecode.swift; path = BudgetTrackerUITests.swift; sourceTree = "<group>"; };
		844C8E4F2D4B92BB009B2AF0 /* BudgetTrackerUITestsLaunchTests.swift */ = {isa = PBXFileReference; lastKnownFileType = sourcecode.swift; path = BudgetTrackerUITestsLaunchTests.swift; sourceTree = "<group>"; };
		844C8E5D2D4B9385009B2AF0 /* BudgetTracker.xcdatamodel */ = {isa = PBXFileReference; lastKnownFileType = wrapper.xcdatamodel; path = BudgetTracker.xcdatamodel; sourceTree = "<group>"; };
		844C8E5F2D4B9401009B2AF0 /* PersistenceController.swift */ = {isa = PBXFileReference; lastKnownFileType = sourcecode.swift; path = PersistenceController.swift; sourceTree = "<group>"; };
		844C8E612D4B9AF3009B2AF0 /* TransactionAdd.swift */ = {isa = PBXFileReference; lastKnownFileType = sourcecode.swift; path = TransactionAdd.swift; sourceTree = "<group>"; };
		844C8E632D4BAFDC009B2AF0 /* TransactionListView.swift */ = {isa = PBXFileReference; lastKnownFileType = sourcecode.swift; path = TransactionListView.swift; sourceTree = "<group>"; };
		844C8E652D4BBB1D009B2AF0 /* EditTransaction.swift */ = {isa = PBXFileReference; lastKnownFileType = sourcecode.swift; path = EditTransaction.swift; sourceTree = "<group>"; };
/* End PBXFileReference section */

/* Begin PBXFrameworksBuildPhase section */
		844C8E2C2D4B92B9009B2AF0 /* Frameworks */ = {
			isa = PBXFrameworksBuildPhase;
			buildActionMask = 2147483647;
			files = (
			);
			runOnlyForDeploymentPostprocessing = 0;
		};
		844C8E3C2D4B92BB009B2AF0 /* Frameworks */ = {
			isa = PBXFrameworksBuildPhase;
			buildActionMask = 2147483647;
			files = (
			);
			runOnlyForDeploymentPostprocessing = 0;
		};
		844C8E462D4B92BB009B2AF0 /* Frameworks */ = {
			isa = PBXFrameworksBuildPhase;
			buildActionMask = 2147483647;
			files = (
			);
			runOnlyForDeploymentPostprocessing = 0;
		};
/* End PBXFrameworksBuildPhase section */

/* Begin PBXGroup section */
		844C8E262D4B92B9009B2AF0 = {
			isa = PBXGroup;
			children = (
				844C8E312D4B92B9009B2AF0 /* BudgetTracker */,
				844C8E422D4B92BB009B2AF0 /* BudgetTrackerTests */,
				844C8E4C2D4B92BB009B2AF0 /* BudgetTrackerUITests */,
				844C8E302D4B92B9009B2AF0 /* Products */,
			);
			sourceTree = "<group>";
		};
		844C8E302D4B92B9009B2AF0 /* Products */ = {
			isa = PBXGroup;
			children = (
				844C8E2F2D4B92B9009B2AF0 /* BudgetTracker.app */,
				844C8E3F2D4B92BB009B2AF0 /* BudgetTrackerTests.xctest */,
				844C8E492D4B92BB009B2AF0 /* BudgetTrackerUITests.xctest */,
			);
			name = Products;
			sourceTree = "<group>";
		};
		844C8E312D4B92B9009B2AF0 /* BudgetTracker */ = {
			isa = PBXGroup;
			children = (
				844C8E322D4B92B9009B2AF0 /* BudgetTrackerApp.swift */,
				844C8E342D4B92B9009B2AF0 /* ContentView.swift */,
				844C8E652D4BBB1D009B2AF0 /* EditTransaction.swift */,
				844C8E632D4BAFDC009B2AF0 /* TransactionListView.swift */,
				844C8E612D4B9AF3009B2AF0 /* TransactionAdd.swift */,
				844C8E5F2D4B9401009B2AF0 /* PersistenceController.swift */,
				844C8E5C2D4B9385009B2AF0 /* BudgetTracker.xcdatamodeld */,
				844C8E362D4B92BA009B2AF0 /* Assets.xcassets */,
				844C8E382D4B92BA009B2AF0 /* Preview Content */,
			);
			path = BudgetTracker;
			sourceTree = "<group>";
		};
		844C8E382D4B92BA009B2AF0 /* Preview Content */ = {
			isa = PBXGroup;
			children = (
				844C8E392D4B92BA009B2AF0 /* Preview Assets.xcassets */,
			);
			path = "Preview Content";
			sourceTree = "<group>";
		};
		844C8E422D4B92BB009B2AF0 /* BudgetTrackerTests */ = {
			isa = PBXGroup;
			children = (
				844C8E432D4B92BB009B2AF0 /* BudgetTrackerTests.swift */,
			);
			path = BudgetTrackerTests;
			sourceTree = "<group>";
		};
		844C8E4C2D4B92BB009B2AF0 /* BudgetTrackerUITests */ = {
			isa = PBXGroup;
			children = (
				844C8E4D2D4B92BB009B2AF0 /* BudgetTrackerUITests.swift */,
				844C8E4F2D4B92BB009B2AF0 /* BudgetTrackerUITestsLaunchTests.swift */,
			);
			path = BudgetTrackerUITests;
			sourceTree = "<group>";
		};
/* End PBXGroup section */

/* Begin PBXNativeTarget section */
		844C8E2E2D4B92B9009B2AF0 /* BudgetTracker */ = {
			isa = PBXNativeTarget;
			buildConfigurationList = 844C8E532D4B92BB009B2AF0 /* Build configuration list for PBXNativeTarget "BudgetTracker" */;
			buildPhases = (
				844C8E2B2D4B92B9009B2AF0 /* Sources */,
				844C8E2C2D4B92B9009B2AF0 /* Frameworks */,
				844C8E2D2D4B92B9009B2AF0 /* Resources */,
			);
			buildRules = (
			);
			dependencies = (
			);
			name = BudgetTracker;
			productName = BudgetTracker;
			productReference = 844C8E2F2D4B92B9009B2AF0 /* BudgetTracker.app */;
			productType = "com.apple.product-type.application";
		};
		844C8E3E2D4B92BB009B2AF0 /* BudgetTrackerTests */ = {
			isa = PBXNativeTarget;
			buildConfigurationList = 844C8E562D4B92BB009B2AF0 /* Build configuration list for PBXNativeTarget "BudgetTrackerTests" */;
			buildPhases = (
				844C8E3B2D4B92BB009B2AF0 /* Sources */,
				844C8E3C2D4B92BB009B2AF0 /* Frameworks */,
				844C8E3D2D4B92BB009B2AF0 /* Resources */,
			);
			buildRules = (
			);
			dependencies = (
				844C8E412D4B92BB009B2AF0 /* PBXTargetDependency */,
			);
			name = BudgetTrackerTests;
			productName = BudgetTrackerTests;
			productReference = 844C8E3F2D4B92BB009B2AF0 /* BudgetTrackerTests.xctest */;
			productType = "com.apple.product-type.bundle.unit-test";
		};
		844C8E482D4B92BB009B2AF0 /* BudgetTrackerUITests */ = {
			isa = PBXNativeTarget;
			buildConfigurationList = 844C8E592D4B92BB009B2AF0 /* Build configuration list for PBXNativeTarget "BudgetTrackerUITests" */;
			buildPhases = (
				844C8E452D4B92BB009B2AF0 /* Sources */,
				844C8E462D4B92BB009B2AF0 /* Frameworks */,
				844C8E472D4B92BB009B2AF0 /* Resources */,
			);
			buildRules = (
			);
			dependencies = (
				844C8E4B2D4B92BB009B2AF0 /* PBXTargetDependency */,
			);
			name = BudgetTrackerUITests;
			productName = BudgetTrackerUITests;
			productReference = 844C8E492D4B92BB009B2AF0 /* BudgetTrackerUITests.xctest */;
			productType = "com.apple.product-type.bundle.ui-testing";
		};
/* End PBXNativeTarget section */

/* Begin PBXProject section */
		844C8E272D4B92B9009B2AF0 /* Project object */ = {
			isa = PBXProject;
			attributes = {
				BuildIndependentTargetsInParallel = 1;
				LastSwiftUpdateCheck = 1400;
				LastUpgradeCheck = 1400;
				TargetAttributes = {
					844C8E2E2D4B92B9009B2AF0 = {
						CreatedOnToolsVersion = 14.0.1;
					};
					844C8E3E2D4B92BB009B2AF0 = {
						CreatedOnToolsVersion = 14.0.1;
						TestTargetID = 844C8E2E2D4B92B9009B2AF0;
					};
					844C8E482D4B92BB009B2AF0 = {
						CreatedOnToolsVersion = 14.0.1;
						TestTargetID = 844C8E2E2D4B92B9009B2AF0;
					};
				};
			};
			buildConfigurationList = 844C8E2A2D4B92B9009B2AF0 /* Build configuration list for PBXProject "BudgetTracker" */;
			compatibilityVersion = "Xcode 14.0";
			developmentRegion = en;
			hasScannedForEncodings = 0;
			knownRegions = (
				en,
				Base,
			);
			mainGroup = 844C8E262D4B92B9009B2AF0;
			productRefGroup = 844C8E302D4B92B9009B2AF0 /* Products */;
			projectDirPath = "";
			projectRoot = "";
			targets = (
				844C8E2E2D4B92B9009B2AF0 /* BudgetTracker */,
				844C8E3E2D4B92BB009B2AF0 /* BudgetTrackerTests */,
				844C8E482D4B92BB009B2AF0 /* BudgetTrackerUITests */,
			);
		};
/* End PBXProject section */

/* Begin PBXResourcesBuildPhase section */
		844C8E2D2D4B92B9009B2AF0 /* Resources */ = {
			isa = PBXResourcesBuildPhase;
			buildActionMask = 2147483647;
			files = (
				844C8E3A2D4B92BA009B2AF0 /* Preview Assets.xcassets in Resources */,
				844C8E372D4B92BA009B2AF0 /* Assets.xcassets in Resources */,
			);
			runOnlyForDeploymentPostprocessing = 0;
		};
		844C8E3D2D4B92BB009B2AF0 /* Resources */ = {
			isa = PBXResourcesBuildPhase;
			buildActionMask = 2147483647;
			files = (
			);
			runOnlyForDeploymentPostprocessing = 0;
		};
		844C8E472D4B92BB009B2AF0 /* Resources */ = {
			isa = PBXResourcesBuildPhase;
			buildActionMask = 2147483647;
			files = (
			);
			runOnlyForDeploymentPostprocessing = 0;
		};
/* End PBXResourcesBuildPhase section */

/* Begin PBXSourcesBuildPhase section */
		844C8E2B2D4B92B9009B2AF0 /* Sources */ = {
			isa = PBXSourcesBuildPhase;
			buildActionMask = 2147483647;
			files = (
				844C8E662D4BBB1D009B2AF0 /* EditTransaction.swift in Sources */,
				844C8E5E2D4B9385009B2AF0 /* BudgetTracker.xcdatamodeld in Sources */,
				844C8E352D4B92B9009B2AF0 /* ContentView.swift in Sources */,
				844C8E332D4B92B9009B2AF0 /* BudgetTrackerApp.swift in Sources */,
				844C8E602D4B9401009B2AF0 /* PersistenceController.swift in Sources */,
				844C8E622D4B9AF3009B2AF0 /* TransactionAdd.swift in Sources */,
				844C8E642D4BAFDC009B2AF0 /* TransactionListView.swift in Sources */,
			);
			runOnlyForDeploymentPostprocessing = 0;
		};
		844C8E3B2D4B92BB009B2AF0 /* Sources */ = {
			isa = PBXSourcesBuildPhase;
			buildActionMask = 2147483647;
			files = (
				844C8E442D4B92BB009B2AF0 /* BudgetTrackerTests.swift in Sources */,
			);
			runOnlyForDeploymentPostprocessing = 0;
		};
		844C8E452D4B92BB009B2AF0 /* Sources */ = {
			isa = PBXSourcesBuildPhase;
			buildActionMask = 2147483647;
			files = (
				844C8E502D4B92BB009B2AF0 /* BudgetTrackerUITestsLaunchTests.swift in Sources */,
				844C8E4E2D4B92BB009B2AF0 /* BudgetTrackerUITests.swift in Sources */,
			);
			runOnlyForDeploymentPostprocessing = 0;
		};
/* End PBXSourcesBuildPhase section */

/* Begin PBXTargetDependency section */
		844C8E412D4B92BB009B2AF0 /* PBXTargetDependency */ = {
			isa = PBXTargetDependency;
			target = 844C8E2E2D4B92B9009B2AF0 /* BudgetTracker */;
			targetProxy = 844C8E402D4B92BB009B2AF0 /* PBXContainerItemProxy */;
		};
		844C8E4B2D4B92BB009B2AF0 /* PBXTargetDependency */ = {
			isa = PBXTargetDependency;
			target = 844C8E2E2D4B92B9009B2AF0 /* BudgetTracker */;
			targetProxy = 844C8E4A2D4B92BB009B2AF0 /* PBXContainerItemProxy */;
		};
/* End PBXTargetDependency section */

/* Begin XCBuildConfiguration section */
		844C8E512D4B92BB009B2AF0 /* Debug */ = {
			isa = XCBuildConfiguration;
			buildSettings = {
				ALWAYS_SEARCH_USER_PATHS = NO;
				CLANG_ANALYZER_NONNULL = YES;
				CLANG_ANALYZER_NUMBER_OBJECT_CONVERSION = YES_AGGRESSIVE;
				CLANG_CXX_LANGUAGE_STANDARD = "gnu++20";
				CLANG_ENABLE_MODULES = YES;
				CLANG_ENABLE_OBJC_ARC = YES;
				CLANG_ENABLE_OBJC_WEAK = YES;
				CLANG_WARN_BLOCK_CAPTURE_AUTORELEASING = YES;
				CLANG_WARN_BOOL_CONVERSION = YES;
				CLANG_WARN_COMMA = YES;
				CLANG_WARN_CONSTANT_CONVERSION = YES;
				CLANG_WARN_DEPRECATED_OBJC_IMPLEMENTATIONS = YES;
				CLANG_WARN_DIRECT_OBJC_ISA_USAGE = YES_ERROR;
				CLANG_WARN_DOCUMENTATION_COMMENTS = YES;
				CLANG_WARN_EMPTY_BODY = YES;
				CLANG_WARN_ENUM_CONVERSION = YES;
				CLANG_WARN_INFINITE_RECURSION = YES;
				CLANG_WARN_INT_CONVERSION = YES;
				CLANG_WARN_NON_LITERAL_NULL_CONVERSION = YES;
				CLANG_WARN_OBJC_IMPLICIT_RETAIN_SELF = YES;
				CLANG_WARN_OBJC_LITERAL_CONVERSION = YES;
				CLANG_WARN_OBJC_ROOT_CLASS = YES_ERROR;
				CLANG_WARN_QUOTED_INCLUDE_IN_FRAMEWORK_HEADER = YES;
				CLANG_WARN_RANGE_LOOP_ANALYSIS = YES;
				CLANG_WARN_STRICT_PROTOTYPES = YES;
				CLANG_WARN_SUSPICIOUS_MOVE = YES;
				CLANG_WARN_UNGUARDED_AVAILABILITY = YES_AGGRESSIVE;
				CLANG_WARN_UNREACHABLE_CODE = YES;
				CLANG_WARN__DUPLICATE_METHOD_MATCH = YES;
				COPY_PHASE_STRIP = NO;
				DEBUG_INFORMATION_FORMAT = dwarf;
				ENABLE_STRICT_OBJC_MSGSEND = YES;
				ENABLE_TESTABILITY = YES;
				GCC_C_LANGUAGE_STANDARD = gnu11;
				GCC_DYNAMIC_NO_PIC = NO;
				GCC_NO_COMMON_BLOCKS = YES;
				GCC_OPTIMIZATION_LEVEL = 0;
				GCC_PREPROCESSOR_DEFINITIONS = (
					"DEBUG=1",
					"$(inherited)",
				);
				GCC_WARN_64_TO_32_BIT_CONVERSION = YES;
				GCC_WARN_ABOUT_RETURN_TYPE = YES_ERROR;
				GCC_WARN_UNDECLARED_SELECTOR = YES;
				GCC_WARN_UNINITIALIZED_AUTOS = YES_AGGRESSIVE;
				GCC_WARN_UNUSED_FUNCTION = YES;
				GCC_WARN_UNUSED_VARIABLE = YES;
				IPHONEOS_DEPLOYMENT_TARGET = 16.0;
				MTL_ENABLE_DEBUG_INFO = INCLUDE_SOURCE;
				MTL_FAST_MATH = YES;
				ONLY_ACTIVE_ARCH = YES;
				SDKROOT = iphoneos;
				SWIFT_ACTIVE_COMPILATION_CONDITIONS = DEBUG;
				SWIFT_OPTIMIZATION_LEVEL = "-Onone";
			};
			name = Debug;
		};
		844C8E522D4B92BB009B2AF0 /* Release */ = {
			isa = XCBuildConfiguration;
			buildSettings = {
				ALWAYS_SEARCH_USER_PATHS = NO;
				CLANG_ANALYZER_NONNULL = YES;
				CLANG_ANALYZER_NUMBER_OBJECT_CONVERSION = YES_AGGRESSIVE;
				CLANG_CXX_LANGUAGE_STANDARD = "gnu++20";
				CLANG_ENABLE_MODULES = YES;
				CLANG_ENABLE_OBJC_ARC = YES;
				CLANG_ENABLE_OBJC_WEAK = YES;
				CLANG_WARN_BLOCK_CAPTURE_AUTORELEASING = YES;
				CLANG_WARN_BOOL_CONVERSION = YES;
				CLANG_WARN_COMMA = YES;
				CLANG_WARN_CONSTANT_CONVERSION = YES;
				CLANG_WARN_DEPRECATED_OBJC_IMPLEMENTATIONS = YES;
				CLANG_WARN_DIRECT_OBJC_ISA_USAGE = YES_ERROR;
				CLANG_WARN_DOCUMENTATION_COMMENTS = YES;
				CLANG_WARN_EMPTY_BODY = YES;
				CLANG_WARN_ENUM_CONVERSION = YES;
				CLANG_WARN_INFINITE_RECURSION = YES;
				CLANG_WARN_INT_CONVERSION = YES;
				CLANG_WARN_NON_LITERAL_NULL_CONVERSION = YES;
				CLANG_WARN_OBJC_IMPLICIT_RETAIN_SELF = YES;
				CLANG_WARN_OBJC_LITERAL_CONVERSION = YES;
				CLANG_WARN_OBJC_ROOT_CLASS = YES_ERROR;
				CLANG_WARN_QUOTED_INCLUDE_IN_FRAMEWORK_HEADER = YES;
				CLANG_WARN_RANGE_LOOP_ANALYSIS = YES;
				CLANG_WARN_STRICT_PROTOTYPES = YES;
				CLANG_WARN_SUSPICIOUS_MOVE = YES;
				CLANG_WARN_UNGUARDED_AVAILABILITY = YES_AGGRESSIVE;
				CLANG_WARN_UNREACHABLE_CODE = YES;
				CLANG_WARN__DUPLICATE_METHOD_MATCH = YES;
				COPY_PHASE_STRIP = NO;
				DEBUG_INFORMATION_FORMAT = "dwarf-with-dsym";
				ENABLE_NS_ASSERTIONS = NO;
				ENABLE_STRICT_OBJC_MSGSEND = YES;
				GCC_C_LANGUAGE_STANDARD = gnu11;
				GCC_NO_COMMON_BLOCKS = YES;
				GCC_WARN_64_TO_32_BIT_CONVERSION = YES;
				GCC_WARN_ABOUT_RETURN_TYPE = YES_ERROR;
				GCC_WARN_UNDECLARED_SELECTOR = YES;
				GCC_WARN_UNINITIALIZED_AUTOS = YES_AGGRESSIVE;
				GCC_WARN_UNUSED_FUNCTION = YES;
				GCC_WARN_UNUSED_VARIABLE = YES;
				IPHONEOS_DEPLOYMENT_TARGET = 16.0;
				MTL_ENABLE_DEBUG_INFO = NO;
				MTL_FAST_MATH = YES;
				SDKROOT = iphoneos;
				SWIFT_COMPILATION_MODE = wholemodule;
				SWIFT_OPTIMIZATION_LEVEL = "-O";
				VALIDATE_PRODUCT = YES;
			};
			name = Release;
		};
		844C8E542D4B92BB009B2AF0 /* Debug */ = {
			isa = XCBuildConfiguration;
			buildSettings = {
				ASSETCATALOG_COMPILER_APPICON_NAME = AppIcon;
				ASSETCATALOG_COMPILER_GLOBAL_ACCENT_COLOR_NAME = AccentColor;
				CODE_SIGN_STYLE = Automatic;
				CURRENT_PROJECT_VERSION = 1;
				DEVELOPMENT_ASSET_PATHS = "\"BudgetTracker/Preview Content\"";
				ENABLE_PREVIEWS = YES;
				GENERATE_INFOPLIST_FILE = YES;
				INFOPLIST_KEY_UIApplicationSceneManifest_Generation = YES;
				INFOPLIST_KEY_UIApplicationSupportsIndirectInputEvents = YES;
				INFOPLIST_KEY_UILaunchScreen_Generation = YES;
				INFOPLIST_KEY_UISupportedInterfaceOrientations_iPad = "UIInterfaceOrientationPortrait UIInterfaceOrientationPortraitUpsideDown UIInterfaceOrientationLandscapeLeft UIInterfaceOrientationLandscapeRight";
				INFOPLIST_KEY_UISupportedInterfaceOrientations_iPhone = "UIInterfaceOrientationPortrait UIInterfaceOrientationLandscapeLeft UIInterfaceOrientationLandscapeRight";
				LD_RUNPATH_SEARCH_PATHS = (
					"$(inherited)",
					"@executable_path/Frameworks",
				);
				MARKETING_VERSION = 1.0;
				PRODUCT_BUNDLE_IDENTIFIER = com.example.sampleapp.BudgetTracker;
				PRODUCT_NAME = "$(TARGET_NAME)";
				SWIFT_EMIT_LOC_STRINGS = YES;
				SWIFT_VERSION = 5.0;
				TARGETED_DEVICE_FAMILY = "1,2";
			};
			name = Debug;
		};
		844C8E552D4B92BB009B2AF0 /* Release */ = {
			isa = XCBuildConfiguration;
			buildSettings = {
				ASSETCATALOG_COMPILER_APPICON_NAME = AppIcon;
				ASSETCATALOG_COMPILER_GLOBAL_ACCENT_COLOR_NAME = AccentColor;
				CODE_SIGN_STYLE = Automatic;
				CURRENT_PROJECT_VERSION = 1;
				DEVELOPMENT_ASSET_PATHS = "\"BudgetTracker/Preview Content\"";
				ENABLE_PREVIEWS = YES;
				GENERATE_INFOPLIST_FILE = YES;
				INFOPLIST_KEY_UIApplicationSceneManifest_Generation = YES;
				INFOPLIST_KEY_UIApplicationSupportsIndirectInputEvents = YES;
				INFOPLIST_KEY_UILaunchScreen_Generation = YES;
				INFOPLIST_KEY_UISupportedInterfaceOrientations_iPad = "UIInterfaceOrientationPortrait UIInterfaceOrientationPortraitUpsideDown UIInterfaceOrientationLandscapeLeft UIInterfaceOrientationLandscapeRight";
				INFOPLIST_KEY_UISupportedInterfaceOrientations_iPhone = "UIInterfaceOrientationPortrait UIInterfaceOrientationLandscapeLeft UIInterfaceOrientationLandscapeRight";
				LD_RUNPATH_SEARCH_PATHS = (
					"$(inherited)",
					"@executable_path/Frameworks",
				);
				MARKETING_VERSION = 1.0;
				PRODUCT_BUNDLE_IDENTIFIER = com.example.sampleapp.BudgetTracker;
				PRODUCT_NAME = "$(TARGET_NAME)";
				SWIFT_EMIT_LOC_STRINGS = YES;
				SWIFT_VERSION = 5.0;
				TARGETED_DEVICE_FAMILY = "1,2";
			};
			name = Release;
		};
		844C8E572D4B92BB009B2AF0 /* Debug */ = {
			isa = XCBuildConfiguration;
			buildSettings = {
				ALWAYS_EMBED_SWIFT_STANDARD_LIBRARIES = YES;
				BUNDLE_LOADER = "$(TEST_HOST)";
				CODE_SIGN_STYLE = Automatic;
				CURRENT_PROJECT_VERSION = 1;
				GENERATE_INFOPLIST_FILE = YES;
				IPHONEOS_DEPLOYMENT_TARGET = 16.0;
				MARKETING_VERSION = 1.0;
				PRODUCT_BUNDLE_IDENTIFIER = com.example.sampleapp.BudgetTrackerTests;
				PRODUCT_NAME = "$(TARGET_NAME)";
				SWIFT_EMIT_LOC_STRINGS = NO;
				SWIFT_VERSION = 5.0;
				TARGETED_DEVICE_FAMILY = "1,2";
				TEST_HOST = "$(BUILT_PRODUCTS_DIR)/BudgetTracker.app/$(BUNDLE_EXECUTABLE_FOLDER_PATH)/BudgetTracker";
			};
			name = Debug;
		};
		844C8E582D4B92BB009B2AF0 /* Release */ = {
			isa = XCBuildConfiguration;
			buildSettings = {
				ALWAYS_EMBED_SWIFT_STANDARD_LIBRARIES = YES;
				BUNDLE_LOADER = "$(TEST_HOST)";
				CODE_SIGN_STYLE = Automatic;
				CURRENT_PROJECT_VERSION = 1;
				GENERATE_INFOPLIST_FILE = YES;
				IPHONEOS_DEPLOYMENT_TARGET = 16.0;
				MARKETING_VERSION = 1.0;
				PRODUCT_BUNDLE_IDENTIFIER = com.example.sampleapp.BudgetTrackerTests;
				PRODUCT_NAME = "$(TARGET_NAME)";
				SWIFT_EMIT_LOC_STRINGS = NO;
				SWIFT_VERSION = 5.0;
				TARGETED_DEVICE_FAMILY = "1,2";
				TEST_HOST = "$(BUILT_PRODUCTS_DIR)/BudgetTracker.app/$(BUNDLE_EXECUTABLE_FOLDER_PATH)/BudgetTracker";
			};
			name = Release;
		};
		844C8E5A2D4B92BB009B2AF0 /* Debug */ = {
			isa = XCBuildConfiguration;
			buildSettings = {
				ALWAYS_EMBED_SWIFT_STANDARD_LIBRARIES = YES;
				CODE_SIGN_STYLE = Automatic;
				CURRENT_PROJECT_VERSION = 1;
				GENERATE_INFOPLIST_FILE = YES;
				MARKETING_VERSION = 1.0;
				PRODUCT_BUNDLE_IDENTIFIER = com.example.sampleapp.BudgetTrackerUITests;
				PRODUCT_NAME = "$(TARGET_NAME)";
				SWIFT_EMIT_LOC_STRINGS = NO;
				SWIFT_VERSION = 5.0;
				TARGETED_DEVICE_FAMILY = "1,2";
				TEST_TARGET_NAME = BudgetTracker;
			};
			name = Debug;
		};
		844C8E5B2D4B92BB009B2AF0 /* Release */ = {
			isa = XCBuildConfiguration;
			buildSettings = {
				ALWAYS_EMBED_SWIFT_STANDARD_LIBRARIES = YES;
				CODE_SIGN_STYLE = Automatic;
				CURRENT_PROJECT_VERSION = 1;
				GENERATE_INFOPLIST_FILE = YES;
				MARKETING_VERSION = 1.0;
				PRODUCT_BUNDLE_IDENTIFIER = com.example.sampleapp.BudgetTrackerUITests;
				PRODUCT_NAME = "$(TARGET_NAME)";
				SWIFT_EMIT_LOC_STRINGS = NO;
				SWIFT_VERSION = 5.0;
				TARGETED_DEVICE_FAMILY = "1,2";
				TEST_TARGET_NAME = BudgetTracker;
			};
			name = Release;
		};
/* End XCBuildConfiguration section */

/* Begin XCConfigurationList section */
		844C8E2A2D4B92B9009B2AF0 /* Build configuration list for PBXProject "BudgetTracker" */ = {
			isa = XCConfigurationList;
			buildConfigurations = (
				844C8E512D4B92BB009B2AF0 /* Debug */,
				844C8E522D4B92BB009B2AF0 /* Release */,
			);
			defaultConfigurationIsVisible = 0;
			defaultConfigurationName = Release;
		};
		844C8E532D4B92BB009B2AF0 /* Build configuration list for PBXNativeTarget "BudgetTracker" */ = {
			isa = XCConfigurationList;
			buildConfigurations = (
				844C8E542D4B92BB009B2AF0 /* Debug */,
				844C8E552D4B92BB009B2AF0 /* Release */,
			);
			defaultConfigurationIsVisible = 0;
			defaultConfigurationName = Release;
		};
		844C8E562D4B92BB009B2AF0 /* Build configuration list for PBXNativeTarget "BudgetTrackerTests" */ = {
			isa = XCConfigurationList;
			buildConfigurations = (
				844C8E572D4B92BB009B2AF0 /* Debug */,
				844C8E582D4B92BB009B2AF0 /* Release */,
			);
			defaultConfigurationIsVisible = 0;
			defaultConfigurationName = Release;
		};
		844C8E592D4B92BB009B2AF0 /* Build configuration list for PBXNativeTarget "BudgetTrackerUITests" */ = {
			isa = XCConfigurationList;
			buildConfigurations = (
				844C8E5A2D4B92BB009B2AF0 /* Debug */,
				844C8E5B2D4B92BB009B2AF0 /* Release */,
			);
			defaultConfigurationIsVisible = 0;
			defaultConfigurationName = Release;
		};
/* End XCConfigurationList section */

/* Begin XCVersionGroup section */
		844C8E5C2D4B9385009B2AF0 /* BudgetTracker.xcdatamodeld */ = {
			isa = XCVersionGroup;
			children = (
				844C8E5D2D4B9385009B2AF0 /* BudgetTracker.xcdatamodel */,
			);
			currentVersion = 844C8E5D2D4B9385009B2AF0 /* BudgetTracker.xcdatamodel */;
			path = BudgetTracker.xcdatamodeld;
			sourceTree = "<group>";
			versionGroupType = wrapper.xcdatamodel;
		};
/* End XCVersionGroup section */
	};
	rootObject = 844C8E272D4B92B9009B2AF0 /* Project object */;
}
